// !$*UTF8*$!
{
	archiveVersion = 1;
	classes = {
	};
	objectVersion = 46;
	objects = {

/* Begin PBXBuildFile section */
		9B02BFA91A8FA08B00ACAFD7 /* Localizable.strings in Resources */ = {isa = PBXBuildFile; fileRef = 9B75C77C1A842DBE00161928 /* Localizable.strings */; };
		9B02BFAA1A8FA09700ACAFD7 /* Quotes.plist in Resources */ = {isa = PBXBuildFile; fileRef = 9B75C7741A84213C00161928 /* Quotes.plist */; };
		9B0BACDB1986E6F800D4CC09 /* BFReminderCollectionViewController.m in Sources */ = {isa = PBXBuildFile; fileRef = 9B0BACDA1986E6F800D4CC09 /* BFReminderCollectionViewController.m */; };
		9B10A6EE1A84173700991AF4 /* Launch Screen.xib in Resources */ = {isa = PBXBuildFile; fileRef = 9B10A6F01A84173700991AF4 /* Launch Screen.xib */; };
		9B10A6F21A84178A00991AF4 /* Storyboard.storyboard in Resources */ = {isa = PBXBuildFile; fileRef = 9B10A6F41A84178A00991AF4 /* Storyboard.storyboard */; };
		9B3F0DBB1966A4A30089DEC1 /* Foundation.framework in Frameworks */ = {isa = PBXBuildFile; fileRef = 9B3F0DBA1966A4A30089DEC1 /* Foundation.framework */; };
		9B3F0DBD1966A4A30089DEC1 /* CoreGraphics.framework in Frameworks */ = {isa = PBXBuildFile; fileRef = 9B3F0DBC1966A4A30089DEC1 /* CoreGraphics.framework */; };
		9B3F0DBF1966A4A30089DEC1 /* UIKit.framework in Frameworks */ = {isa = PBXBuildFile; fileRef = 9B3F0DBE1966A4A30089DEC1 /* UIKit.framework */; };
		9B3F0DC71966A4A30089DEC1 /* main.m in Sources */ = {isa = PBXBuildFile; fileRef = 9B3F0DC61966A4A30089DEC1 /* main.m */; };
		9B3F0DCB1966A4A30089DEC1 /* BFAppDelegate.m in Sources */ = {isa = PBXBuildFile; fileRef = 9B3F0DCA1966A4A30089DEC1 /* BFAppDelegate.m */; };
		9B3F0DD41966A4A30089DEC1 /* XCTest.framework in Frameworks */ = {isa = PBXBuildFile; fileRef = 9B3F0DD31966A4A30089DEC1 /* XCTest.framework */; };
		9B3F0DD51966A4A30089DEC1 /* Foundation.framework in Frameworks */ = {isa = PBXBuildFile; fileRef = 9B3F0DBA1966A4A30089DEC1 /* Foundation.framework */; };
		9B3F0DD61966A4A30089DEC1 /* UIKit.framework in Frameworks */ = {isa = PBXBuildFile; fileRef = 9B3F0DBE1966A4A30089DEC1 /* UIKit.framework */; };
		9B3F0DE01966A4A30089DEC1 /* BreakFreeTests.m in Sources */ = {isa = PBXBuildFile; fileRef = 9B3F0DDF1966A4A30089DEC1 /* BreakFreeTests.m */; };
		9B3F0DEF1966BC030089DEC1 /* BFReminderViewController.m in Sources */ = {isa = PBXBuildFile; fileRef = 9B3F0DEE1966BC030089DEC1 /* BFReminderViewController.m */; };
		9B3F0DF51966C09F0089DEC1 /* BFReminderCollectionViewCell.m in Sources */ = {isa = PBXBuildFile; fileRef = 9B3F0DF41966C09F0089DEC1 /* BFReminderCollectionViewCell.m */; };
		9B3F0DF81966C7810089DEC1 /* BFReminder.m in Sources */ = {isa = PBXBuildFile; fileRef = 9B3F0DF71966C7810089DEC1 /* BFReminder.m */; };
		9B3F0DFE1966C9990089DEC1 /* BFReminderList.m in Sources */ = {isa = PBXBuildFile; fileRef = 9B3F0DFD1966C9990089DEC1 /* BFReminderList.m */; };
		9B3F0E011966DB6A0089DEC1 /* BFReminderEditViewController.m in Sources */ = {isa = PBXBuildFile; fileRef = 9B3F0E001966DB6A0089DEC1 /* BFReminderEditViewController.m */; };
		9B4C2C661A7443F90031C568 /* Images.xcassets in Resources */ = {isa = PBXBuildFile; fileRef = 9B4C2C651A7443F90031C568 /* Images.xcassets */; };
		9B75C7721A84213C00161928 /* Quotes.plist in Resources */ = {isa = PBXBuildFile; fileRef = 9B75C7741A84213C00161928 /* Quotes.plist */; };
		9B75C77E1A842DBE00161928 /* Localizable.strings in Resources */ = {isa = PBXBuildFile; fileRef = 9B75C77C1A842DBE00161928 /* Localizable.strings */; };
		9BD27BB21A78144A00CA3F8B /* BFFirePeriodViewController.m in Sources */ = {isa = PBXBuildFile; fileRef = 9BD27BB11A78144A00CA3F8B /* BFFirePeriodViewController.m */; };
		9BE90DE519D1FF0300B75439 /* BFNavigationController.m in Sources */ = {isa = PBXBuildFile; fileRef = 9BE90DE419D1FF0300B75439 /* BFNavigationController.m */; };
/* End PBXBuildFile section */

/* Begin PBXContainerItemProxy section */
		9B3F0DD71966A4A30089DEC1 /* PBXContainerItemProxy */ = {
			isa = PBXContainerItemProxy;
			containerPortal = 9B3F0DAF1966A4A30089DEC1 /* Project object */;
			proxyType = 1;
			remoteGlobalIDString = 9B3F0DB61966A4A30089DEC1;
			remoteInfo = BreakFree;
		};
/* End PBXContainerItemProxy section */

/* Begin PBXFileReference section */
		9B02BFA61A8F99B400ACAFD7 /* BFReminder+UnitTest.h */ = {isa = PBXFileReference; fileEncoding = 4; lastKnownFileType = sourcecode.c.h; path = "BFReminder+UnitTest.h"; sourceTree = "<group>"; };
		9B0BACD91986E6F800D4CC09 /* BFReminderCollectionViewController.h */ = {isa = PBXFileReference; fileEncoding = 4; lastKnownFileType = sourcecode.c.h; path = BFReminderCollectionViewController.h; sourceTree = "<group>"; };
		9B0BACDA1986E6F800D4CC09 /* BFReminderCollectionViewController.m */ = {isa = PBXFileReference; fileEncoding = 4; lastKnownFileType = sourcecode.c.objc; path = BFReminderCollectionViewController.m; sourceTree = "<group>"; };
		9B3F0DB71966A4A30089DEC1 /* BreakFree.app */ = {isa = PBXFileReference; explicitFileType = wrapper.application; includeInIndex = 0; path = BreakFree.app; sourceTree = BUILT_PRODUCTS_DIR; };
		9B3F0DBA1966A4A30089DEC1 /* Foundation.framework */ = {isa = PBXFileReference; lastKnownFileType = wrapper.framework; name = Foundation.framework; path = System/Library/Frameworks/Foundation.framework; sourceTree = SDKROOT; };
		9B3F0DBC1966A4A30089DEC1 /* CoreGraphics.framework */ = {isa = PBXFileReference; lastKnownFileType = wrapper.framework; name = CoreGraphics.framework; path = System/Library/Frameworks/CoreGraphics.framework; sourceTree = SDKROOT; };
		9B3F0DBE1966A4A30089DEC1 /* UIKit.framework */ = {isa = PBXFileReference; lastKnownFileType = wrapper.framework; name = UIKit.framework; path = System/Library/Frameworks/UIKit.framework; sourceTree = SDKROOT; };
		9B3F0DC61966A4A30089DEC1 /* main.m */ = {isa = PBXFileReference; lastKnownFileType = sourcecode.c.objc; path = main.m; sourceTree = "<group>"; };
		9B3F0DC81966A4A30089DEC1 /* BreakFree-Prefix.pch */ = {isa = PBXFileReference; lastKnownFileType = sourcecode.c.h; path = "BreakFree-Prefix.pch"; sourceTree = "<group>"; };
		9B3F0DC91966A4A30089DEC1 /* BFAppDelegate.h */ = {isa = PBXFileReference; lastKnownFileType = sourcecode.c.h; path = BFAppDelegate.h; sourceTree = "<group>"; };
		9B3F0DCA1966A4A30089DEC1 /* BFAppDelegate.m */ = {isa = PBXFileReference; lastKnownFileType = sourcecode.c.objc; path = BFAppDelegate.m; sourceTree = "<group>"; };
		9B3F0DD21966A4A30089DEC1 /* BreakFreeTests.xctest */ = {isa = PBXFileReference; explicitFileType = wrapper.cfbundle; includeInIndex = 0; path = BreakFreeTests.xctest; sourceTree = BUILT_PRODUCTS_DIR; };
		9B3F0DD31966A4A30089DEC1 /* XCTest.framework */ = {isa = PBXFileReference; lastKnownFileType = wrapper.framework; name = XCTest.framework; path = Library/Frameworks/XCTest.framework; sourceTree = DEVELOPER_DIR; };
		9B3F0DDB1966A4A30089DEC1 /* BreakFreeTests-Info.plist */ = {isa = PBXFileReference; lastKnownFileType = text.plist.xml; path = "BreakFreeTests-Info.plist"; sourceTree = "<group>"; };
		9B3F0DDF1966A4A30089DEC1 /* BreakFreeTests.m */ = {isa = PBXFileReference; lastKnownFileType = sourcecode.c.objc; path = BreakFreeTests.m; sourceTree = "<group>"; };
		9B3F0DEB1966AACA0089DEC1 /* BFAppDefines.h */ = {isa = PBXFileReference; lastKnownFileType = sourcecode.c.h; path = BFAppDefines.h; sourceTree = "<group>"; };
		9B3F0DED1966BC030089DEC1 /* BFReminderViewController.h */ = {isa = PBXFileReference; fileEncoding = 4; lastKnownFileType = sourcecode.c.h; path = BFReminderViewController.h; sourceTree = "<group>"; };
		9B3F0DEE1966BC030089DEC1 /* BFReminderViewController.m */ = {isa = PBXFileReference; fileEncoding = 4; lastKnownFileType = sourcecode.c.objc; path = BFReminderViewController.m; sourceTree = "<group>"; };
		9B3F0DF31966C09F0089DEC1 /* BFReminderCollectionViewCell.h */ = {isa = PBXFileReference; fileEncoding = 4; lastKnownFileType = sourcecode.c.h; path = BFReminderCollectionViewCell.h; sourceTree = "<group>"; };
		9B3F0DF41966C09F0089DEC1 /* BFReminderCollectionViewCell.m */ = {isa = PBXFileReference; fileEncoding = 4; lastKnownFileType = sourcecode.c.objc; path = BFReminderCollectionViewCell.m; sourceTree = "<group>"; };
		9B3F0DF61966C7810089DEC1 /* BFReminder.h */ = {isa = PBXFileReference; fileEncoding = 4; lastKnownFileType = sourcecode.c.h; path = BFReminder.h; sourceTree = "<group>"; };
		9B3F0DF71966C7810089DEC1 /* BFReminder.m */ = {isa = PBXFileReference; fileEncoding = 4; lastKnownFileType = sourcecode.c.objc; path = BFReminder.m; sourceTree = "<group>"; };
		9B3F0DFC1966C9990089DEC1 /* BFReminderList.h */ = {isa = PBXFileReference; fileEncoding = 4; lastKnownFileType = sourcecode.c.h; path = BFReminderList.h; sourceTree = "<group>"; };
		9B3F0DFD1966C9990089DEC1 /* BFReminderList.m */ = {isa = PBXFileReference; fileEncoding = 4; lastKnownFileType = sourcecode.c.objc; path = BFReminderList.m; sourceTree = "<group>"; };
		9B3F0DFF1966DB6A0089DEC1 /* BFReminderEditViewController.h */ = {isa = PBXFileReference; fileEncoding = 4; lastKnownFileType = sourcecode.c.h; path = BFReminderEditViewController.h; sourceTree = "<group>"; };
		9B3F0E001966DB6A0089DEC1 /* BFReminderEditViewController.m */ = {isa = PBXFileReference; fileEncoding = 4; lastKnownFileType = sourcecode.c.objc; path = BFReminderEditViewController.m; sourceTree = "<group>"; };
		9B4C2C651A7443F90031C568 /* Images.xcassets */ = {isa = PBXFileReference; lastKnownFileType = folder.assetcatalog; path = Images.xcassets; sourceTree = "<group>"; };
		9B75C7731A84213C00161928 /* en */ = {isa = PBXFileReference; lastKnownFileType = text.plist.xml; name = en; path = en.lproj/Quotes.plist; sourceTree = "<group>"; };
		9B75C7751A84213F00161928 /* nl */ = {isa = PBXFileReference; lastKnownFileType = text.plist.xml; name = nl; path = nl.lproj/Quotes.plist; sourceTree = "<group>"; };
		9B75C7761A84228F00161928 /* BreakFree-Info.plist */ = {isa = PBXFileReference; fileEncoding = 4; lastKnownFileType = text.plist.xml; path = "BreakFree-Info.plist"; sourceTree = "<group>"; };
		9B75C7781A842A5D00161928 /* Base */ = {isa = PBXFileReference; lastKnownFileType = file.storyboard; name = Base; path = Base.lproj/Storyboard.storyboard; sourceTree = "<group>"; };
		9B75C7791A842A5D00161928 /* Base */ = {isa = PBXFileReference; lastKnownFileType = file.xib; name = Base; path = "Base.lproj/Launch Screen.xib"; sourceTree = "<group>"; };
		9B75C77A1A842D3E00161928 /* nl */ = {isa = PBXFileReference; lastKnownFileType = text.plist.strings; name = nl; path = "nl.lproj/Launch Screen.strings"; sourceTree = "<group>"; };
		9B75C77B1A842D4800161928 /* nl */ = {isa = PBXFileReference; lastKnownFileType = text.plist.strings; name = nl; path = nl.lproj/Storyboard.strings; sourceTree = "<group>"; };
		9B75C77D1A842DBE00161928 /* en */ = {isa = PBXFileReference; lastKnownFileType = text.plist.strings; name = en; path = en.lproj/Localizable.strings; sourceTree = "<group>"; };
		9B75C77F1A842DC800161928 /* nl */ = {isa = PBXFileReference; lastKnownFileType = text.plist.strings; name = nl; path = nl.lproj/Localizable.strings; sourceTree = "<group>"; };
		9BD27BB01A78144A00CA3F8B /* BFFirePeriodViewController.h */ = {isa = PBXFileReference; fileEncoding = 4; lastKnownFileType = sourcecode.c.h; path = BFFirePeriodViewController.h; sourceTree = "<group>"; };
		9BD27BB11A78144A00CA3F8B /* BFFirePeriodViewController.m */ = {isa = PBXFileReference; fileEncoding = 4; lastKnownFileType = sourcecode.c.objc; path = BFFirePeriodViewController.m; sourceTree = "<group>"; };
		9BE90DE319D1FF0300B75439 /* BFNavigationController.h */ = {isa = PBXFileReference; fileEncoding = 4; lastKnownFileType = sourcecode.c.h; path = BFNavigationController.h; sourceTree = "<group>"; };
		9BE90DE419D1FF0300B75439 /* BFNavigationController.m */ = {isa = PBXFileReference; fileEncoding = 4; lastKnownFileType = sourcecode.c.objc; path = BFNavigationController.m; sourceTree = "<group>"; };
/* End PBXFileReference section */

/* Begin PBXFrameworksBuildPhase section */
		9B3F0DB41966A4A30089DEC1 /* Frameworks */ = {
			isa = PBXFrameworksBuildPhase;
			buildActionMask = 2147483647;
			files = (
				9B3F0DBD1966A4A30089DEC1 /* CoreGraphics.framework in Frameworks */,
				9B3F0DBF1966A4A30089DEC1 /* UIKit.framework in Frameworks */,
				9B3F0DBB1966A4A30089DEC1 /* Foundation.framework in Frameworks */,
			);
			runOnlyForDeploymentPostprocessing = 0;
		};
		9B3F0DCF1966A4A30089DEC1 /* Frameworks */ = {
			isa = PBXFrameworksBuildPhase;
			buildActionMask = 2147483647;
			files = (
				9B3F0DD41966A4A30089DEC1 /* XCTest.framework in Frameworks */,
				9B3F0DD61966A4A30089DEC1 /* UIKit.framework in Frameworks */,
				9B3F0DD51966A4A30089DEC1 /* Foundation.framework in Frameworks */,
			);
			runOnlyForDeploymentPostprocessing = 0;
		};
/* End PBXFrameworksBuildPhase section */

/* Begin PBXGroup section */
		9B3F0DAE1966A4A30089DEC1 = {
			isa = PBXGroup;
			children = (
				9B3F0DC01966A4A30089DEC1 /* BreakFree */,
				9B3F0DD91966A4A30089DEC1 /* BreakFreeTests */,
				9B3F0DB91966A4A30089DEC1 /* Frameworks */,
				9B3F0DB81966A4A30089DEC1 /* Products */,
			);
			sourceTree = "<group>";
		};
		9B3F0DB81966A4A30089DEC1 /* Products */ = {
			isa = PBXGroup;
			children = (
				9B3F0DB71966A4A30089DEC1 /* BreakFree.app */,
				9B3F0DD21966A4A30089DEC1 /* BreakFreeTests.xctest */,
			);
			name = Products;
			sourceTree = "<group>";
		};
		9B3F0DB91966A4A30089DEC1 /* Frameworks */ = {
			isa = PBXGroup;
			children = (
				9B3F0DBA1966A4A30089DEC1 /* Foundation.framework */,
				9B3F0DBC1966A4A30089DEC1 /* CoreGraphics.framework */,
				9B3F0DBE1966A4A30089DEC1 /* UIKit.framework */,
				9B3F0DD31966A4A30089DEC1 /* XCTest.framework */,
			);
			name = Frameworks;
			sourceTree = "<group>";
		};
		9B3F0DC01966A4A30089DEC1 /* BreakFree */ = {
			isa = PBXGroup;
			children = (
				9B3F0DC91966A4A30089DEC1 /* BFAppDelegate.h */,
				9B3F0DCA1966A4A30089DEC1 /* BFAppDelegate.m */,
				9B3F0DF01966C05A0089DEC1 /* Model */,
				9B3F0DF11966C05F0089DEC1 /* View */,
				9B3F0DEC1966BBC90089DEC1 /* Controller */,
				9B3F0DF21966C07C0089DEC1 /* Resources */,
				9B3F0DC11966A4A30089DEC1 /* Supporting Files */,
			);
			path = BreakFree;
			sourceTree = "<group>";
		};
		9B3F0DC11966A4A30089DEC1 /* Supporting Files */ = {
			isa = PBXGroup;
			children = (
				9B3F0DEB1966AACA0089DEC1 /* BFAppDefines.h */,
				9B75C7761A84228F00161928 /* BreakFree-Info.plist */,
				9B3F0DC81966A4A30089DEC1 /* BreakFree-Prefix.pch */,
				9B3F0DC61966A4A30089DEC1 /* main.m */,
			);
			name = "Supporting Files";
			sourceTree = "<group>";
		};
		9B3F0DD91966A4A30089DEC1 /* BreakFreeTests */ = {
			isa = PBXGroup;
			children = (
				9B02BFA61A8F99B400ACAFD7 /* BFReminder+UnitTest.h */,
				9B3F0DDF1966A4A30089DEC1 /* BreakFreeTests.m */,
				9B3F0DDA1966A4A30089DEC1 /* Supporting Files */,
			);
			path = BreakFreeTests;
			sourceTree = "<group>";
		};
		9B3F0DDA1966A4A30089DEC1 /* Supporting Files */ = {
			isa = PBXGroup;
			children = (
				9B3F0DDB1966A4A30089DEC1 /* BreakFreeTests-Info.plist */,
			);
			name = "Supporting Files";
			sourceTree = "<group>";
		};
		9B3F0DEC1966BBC90089DEC1 /* Controller */ = {
			isa = PBXGroup;
			children = (
				9BE90DE319D1FF0300B75439 /* BFNavigationController.h */,
				9BE90DE419D1FF0300B75439 /* BFNavigationController.m */,
				9B3F0DED1966BC030089DEC1 /* BFReminderViewController.h */,
				9B3F0DEE1966BC030089DEC1 /* BFReminderViewController.m */,
				9B0BACD91986E6F800D4CC09 /* BFReminderCollectionViewController.h */,
				9B0BACDA1986E6F800D4CC09 /* BFReminderCollectionViewController.m */,
				9B3F0DFF1966DB6A0089DEC1 /* BFReminderEditViewController.h */,
				9B3F0E001966DB6A0089DEC1 /* BFReminderEditViewController.m */,
				9BD27BB01A78144A00CA3F8B /* BFFirePeriodViewController.h */,
				9BD27BB11A78144A00CA3F8B /* BFFirePeriodViewController.m */,
			);
			name = Controller;
			sourceTree = "<group>";
		};
		9B3F0DF01966C05A0089DEC1 /* Model */ = {
			isa = PBXGroup;
			children = (
				9B3F0DF61966C7810089DEC1 /* BFReminder.h */,
				9B3F0DF71966C7810089DEC1 /* BFReminder.m */,
				9B3F0DFC1966C9990089DEC1 /* BFReminderList.h */,
				9B3F0DFD1966C9990089DEC1 /* BFReminderList.m */,
			);
			name = Model;
			sourceTree = "<group>";
		};
		9B3F0DF11966C05F0089DEC1 /* View */ = {
			isa = PBXGroup;
			children = (
				9B10A6F41A84178A00991AF4 /* Storyboard.storyboard */,
				9B10A6F01A84173700991AF4 /* Launch Screen.xib */,
				9B3F0DF31966C09F0089DEC1 /* BFReminderCollectionViewCell.h */,
				9B3F0DF41966C09F0089DEC1 /* BFReminderCollectionViewCell.m */,
			);
			name = View;
			sourceTree = "<group>";
		};
		9B3F0DF21966C07C0089DEC1 /* Resources */ = {
			isa = PBXGroup;
			children = (
				9B75C77C1A842DBE00161928 /* Localizable.strings */,
				9B4C2C651A7443F90031C568 /* Images.xcassets */,
				9B75C7741A84213C00161928 /* Quotes.plist */,
			);
			name = Resources;
			sourceTree = "<group>";
		};
/* End PBXGroup section */

/* Begin PBXNativeTarget section */
		9B3F0DB61966A4A30089DEC1 /* BreakFree */ = {
			isa = PBXNativeTarget;
			buildConfigurationList = 9B3F0DE31966A4A30089DEC1 /* Build configuration list for PBXNativeTarget "BreakFree" */;
			buildPhases = (
				9B3F0DB31966A4A30089DEC1 /* Sources */,
				9B3F0DB41966A4A30089DEC1 /* Frameworks */,
				9B3F0DB51966A4A30089DEC1 /* Resources */,
			);
			buildRules = (
			);
			dependencies = (
			);
			name = BreakFree;
			productName = BreakFree;
			productReference = 9B3F0DB71966A4A30089DEC1 /* BreakFree.app */;
			productType = "com.apple.product-type.application";
		};
		9B3F0DD11966A4A30089DEC1 /* BreakFreeTests */ = {
			isa = PBXNativeTarget;
			buildConfigurationList = 9B3F0DE61966A4A30089DEC1 /* Build configuration list for PBXNativeTarget "BreakFreeTests" */;
			buildPhases = (
				9B3F0DCE1966A4A30089DEC1 /* Sources */,
				9B3F0DCF1966A4A30089DEC1 /* Frameworks */,
				9B3F0DD01966A4A30089DEC1 /* Resources */,
			);
			buildRules = (
			);
			dependencies = (
				9B3F0DD81966A4A30089DEC1 /* PBXTargetDependency */,
			);
			name = BreakFreeTests;
			productName = BreakFreeTests;
			productReference = 9B3F0DD21966A4A30089DEC1 /* BreakFreeTests.xctest */;
			productType = "com.apple.product-type.bundle.unit-test";
		};
/* End PBXNativeTarget section */

/* Begin PBXProject section */
		9B3F0DAF1966A4A30089DEC1 /* Project object */ = {
			isa = PBXProject;
			attributes = {
				CLASSPREFIX = BF;
				LastUpgradeCheck = 0510;
				ORGANIZATIONNAME = "Tamerius & Bos";
				TargetAttributes = {
					9B3F0DB61966A4A30089DEC1 = {
						DevelopmentTeam = 5D9U5UZG39;
						SystemCapabilities = {
							com.apple.BackgroundModes = {
								enabled = 1;
							};
						};
					};
					9B3F0DD11966A4A30089DEC1 = {
						TestTargetID = 9B3F0DB61966A4A30089DEC1;
					};
				};
			};
			buildConfigurationList = 9B3F0DB21966A4A30089DEC1 /* Build configuration list for PBXProject "BreakFree" */;
			compatibilityVersion = "Xcode 3.2";
			developmentRegion = English;
			hasScannedForEncodings = 0;
			knownRegions = (
				en,
				nl,
				Base,
			);
			mainGroup = 9B3F0DAE1966A4A30089DEC1;
			productRefGroup = 9B3F0DB81966A4A30089DEC1 /* Products */;
			projectDirPath = "";
			projectRoot = "";
			targets = (
				9B3F0DB61966A4A30089DEC1 /* BreakFree */,
				9B3F0DD11966A4A30089DEC1 /* BreakFreeTests */,
			);
		};
/* End PBXProject section */

/* Begin PBXResourcesBuildPhase section */
		9B3F0DB51966A4A30089DEC1 /* Resources */ = {
			isa = PBXResourcesBuildPhase;
			buildActionMask = 2147483647;
			files = (
				9B75C77E1A842DBE00161928 /* Localizable.strings in Resources */,
				9B4C2C661A7443F90031C568 /* Images.xcassets in Resources */,
				9B10A6F21A84178A00991AF4 /* Storyboard.storyboard in Resources */,
				9B10A6EE1A84173700991AF4 /* Launch Screen.xib in Resources */,
				9B75C7721A84213C00161928 /* Quotes.plist in Resources */,
			);
			runOnlyForDeploymentPostprocessing = 0;
		};
		9B3F0DD01966A4A30089DEC1 /* Resources */ = {
			isa = PBXResourcesBuildPhase;
			buildActionMask = 2147483647;
			files = (
				9B02BFA91A8FA08B00ACAFD7 /* Localizable.strings in Resources */,
				9B02BFAA1A8FA09700ACAFD7 /* Quotes.plist in Resources */,
			);
			runOnlyForDeploymentPostprocessing = 0;
		};
/* End PBXResourcesBuildPhase section */

/* Begin PBXSourcesBuildPhase section */
		9B3F0DB31966A4A30089DEC1 /* Sources */ = {
			isa = PBXSourcesBuildPhase;
			buildActionMask = 2147483647;
			files = (
				9B3F0DF81966C7810089DEC1 /* BFReminder.m in Sources */,
				9BD27BB21A78144A00CA3F8B /* BFFirePeriodViewController.m in Sources */,
				9B3F0DCB1966A4A30089DEC1 /* BFAppDelegate.m in Sources */,
				9B3F0DFE1966C9990089DEC1 /* BFReminderList.m in Sources */,
				9B3F0DEF1966BC030089DEC1 /* BFReminderViewController.m in Sources */,
				9BE90DE519D1FF0300B75439 /* BFNavigationController.m in Sources */,
				9B3F0E011966DB6A0089DEC1 /* BFReminderEditViewController.m in Sources */,
				9B0BACDB1986E6F800D4CC09 /* BFReminderCollectionViewController.m in Sources */,
				9B3F0DC71966A4A30089DEC1 /* main.m in Sources */,
				9B3F0DF51966C09F0089DEC1 /* BFReminderCollectionViewCell.m in Sources */,
			);
			runOnlyForDeploymentPostprocessing = 0;
		};
		9B3F0DCE1966A4A30089DEC1 /* Sources */ = {
			isa = PBXSourcesBuildPhase;
			buildActionMask = 2147483647;
			files = (
				9B3F0DE01966A4A30089DEC1 /* BreakFreeTests.m in Sources */,
			);
			runOnlyForDeploymentPostprocessing = 0;
		};
/* End PBXSourcesBuildPhase section */

/* Begin PBXTargetDependency section */
		9B3F0DD81966A4A30089DEC1 /* PBXTargetDependency */ = {
			isa = PBXTargetDependency;
			target = 9B3F0DB61966A4A30089DEC1 /* BreakFree */;
			targetProxy = 9B3F0DD71966A4A30089DEC1 /* PBXContainerItemProxy */;
		};
/* End PBXTargetDependency section */

/* Begin PBXVariantGroup section */
		9B10A6F01A84173700991AF4 /* Launch Screen.xib */ = {
			isa = PBXVariantGroup;
			children = (
				9B75C7791A842A5D00161928 /* Base */,
				9B75C77A1A842D3E00161928 /* nl */,
			);
			name = "Launch Screen.xib";
			sourceTree = "<group>";
		};
		9B10A6F41A84178A00991AF4 /* Storyboard.storyboard */ = {
			isa = PBXVariantGroup;
			children = (
				9B75C7781A842A5D00161928 /* Base */,
				9B75C77B1A842D4800161928 /* nl */,
			);
			name = Storyboard.storyboard;
			sourceTree = "<group>";
		};
		9B75C7741A84213C00161928 /* Quotes.plist */ = {
			isa = PBXVariantGroup;
			children = (
				9B75C7731A84213C00161928 /* en */,
				9B75C7751A84213F00161928 /* nl */,
			);
			name = Quotes.plist;
			sourceTree = "<group>";
		};
		9B75C77C1A842DBE00161928 /* Localizable.strings */ = {
			isa = PBXVariantGroup;
			children = (
				9B75C77D1A842DBE00161928 /* en */,
				9B75C77F1A842DC800161928 /* nl */,
			);
			name = Localizable.strings;
			sourceTree = "<group>";
		};
/* End PBXVariantGroup section */

/* Begin XCBuildConfiguration section */
		9B3F0DE11966A4A30089DEC1 /* Debug */ = {
			isa = XCBuildConfiguration;
			buildSettings = {
				ALWAYS_SEARCH_USER_PATHS = NO;
				CLANG_CXX_LANGUAGE_STANDARD = "gnu++0x";
				CLANG_CXX_LIBRARY = "libc++";
				CLANG_ENABLE_MODULES = YES;
				CLANG_ENABLE_OBJC_ARC = YES;
				CLANG_WARN_BOOL_CONVERSION = YES;
				CLANG_WARN_CONSTANT_CONVERSION = YES;
				CLANG_WARN_DIRECT_OBJC_ISA_USAGE = YES_ERROR;
				CLANG_WARN_EMPTY_BODY = YES;
				CLANG_WARN_ENUM_CONVERSION = YES;
				CLANG_WARN_INT_CONVERSION = YES;
				CLANG_WARN_OBJC_ROOT_CLASS = YES_ERROR;
				CLANG_WARN__DUPLICATE_METHOD_MATCH = YES;
				"CODE_SIGN_IDENTITY[sdk=iphoneos*]" = "iPhone Developer";
				COPY_PHASE_STRIP = NO;
				GCC_C_LANGUAGE_STANDARD = gnu99;
				GCC_DYNAMIC_NO_PIC = NO;
				GCC_OPTIMIZATION_LEVEL = 0;
				GCC_PREPROCESSOR_DEFINITIONS = (
					"DEBUG=1",
					"$(inherited)",
				);
				GCC_SYMBOLS_PRIVATE_EXTERN = NO;
				GCC_WARN_64_TO_32_BIT_CONVERSION = YES;
				GCC_WARN_ABOUT_RETURN_TYPE = YES_ERROR;
				GCC_WARN_UNDECLARED_SELECTOR = YES;
				GCC_WARN_UNINITIALIZED_AUTOS = YES_AGGRESSIVE;
				GCC_WARN_UNUSED_FUNCTION = YES;
				GCC_WARN_UNUSED_VARIABLE = YES;
				IPHONEOS_DEPLOYMENT_TARGET = 8.1;
				ONLY_ACTIVE_ARCH = YES;
				SDKROOT = iphoneos;
			};
			name = Debug;
		};
		9B3F0DE21966A4A30089DEC1 /* Release */ = {
			isa = XCBuildConfiguration;
			buildSettings = {
				ALWAYS_SEARCH_USER_PATHS = NO;
				CLANG_CXX_LANGUAGE_STANDARD = "gnu++0x";
				CLANG_CXX_LIBRARY = "libc++";
				CLANG_ENABLE_MODULES = YES;
				CLANG_ENABLE_OBJC_ARC = YES;
				CLANG_WARN_BOOL_CONVERSION = YES;
				CLANG_WARN_CONSTANT_CONVERSION = YES;
				CLANG_WARN_DIRECT_OBJC_ISA_USAGE = YES_ERROR;
				CLANG_WARN_EMPTY_BODY = YES;
				CLANG_WARN_ENUM_CONVERSION = YES;
				CLANG_WARN_INT_CONVERSION = YES;
				CLANG_WARN_OBJC_ROOT_CLASS = YES_ERROR;
				CLANG_WARN__DUPLICATE_METHOD_MATCH = YES;
				"CODE_SIGN_IDENTITY[sdk=iphoneos*]" = "iPhone Developer";
				COPY_PHASE_STRIP = YES;
				ENABLE_NS_ASSERTIONS = NO;
				GCC_C_LANGUAGE_STANDARD = gnu99;
				GCC_WARN_64_TO_32_BIT_CONVERSION = YES;
				GCC_WARN_ABOUT_RETURN_TYPE = YES_ERROR;
				GCC_WARN_UNDECLARED_SELECTOR = YES;
				GCC_WARN_UNINITIALIZED_AUTOS = YES_AGGRESSIVE;
				GCC_WARN_UNUSED_FUNCTION = YES;
				GCC_WARN_UNUSED_VARIABLE = YES;
				IPHONEOS_DEPLOYMENT_TARGET = 8.1;
				SDKROOT = iphoneos;
				VALIDATE_PRODUCT = YES;
			};
			name = Release;
		};
		9B3F0DE41966A4A30089DEC1 /* Debug */ = {
			isa = XCBuildConfiguration;
			buildSettings = {
				ASSETCATALOG_COMPILER_APPICON_NAME = AppIcon;
				ASSETCATALOG_COMPILER_LAUNCHIMAGE_NAME = LaunchImage;
				CODE_SIGN_IDENTITY = "iPhone Developer";
				GCC_PRECOMPILE_PREFIX_HEADER = YES;
				GCC_PREFIX_HEADER = "BreakFree/BreakFree-Prefix.pch";
				INFOPLIST_FILE = "BreakFree/BreakFree-Info.plist";
				IPHONEOS_DEPLOYMENT_TARGET = 6.0;
				PRODUCT_NAME = "$(TARGET_NAME)";
				TARGETED_DEVICE_FAMILY = "1,2";
				WRAPPER_EXTENSION = app;
			};
			name = Debug;
		};
		9B3F0DE51966A4A30089DEC1 /* Release */ = {
			isa = XCBuildConfiguration;
			buildSettings = {
				ASSETCATALOG_COMPILER_APPICON_NAME = AppIcon;
				ASSETCATALOG_COMPILER_LAUNCHIMAGE_NAME = LaunchImage;
				CODE_SIGN_IDENTITY = "iPhone Developer";
				GCC_PRECOMPILE_PREFIX_HEADER = YES;
				GCC_PREFIX_HEADER = "BreakFree/BreakFree-Prefix.pch";
				INFOPLIST_FILE = "BreakFree/BreakFree-Info.plist";
				IPHONEOS_DEPLOYMENT_TARGET = 6.0;
				PRODUCT_NAME = "$(TARGET_NAME)";
				TARGETED_DEVICE_FAMILY = "1,2";
				WRAPPER_EXTENSION = app;
			};
			name = Release;
		};
		9B3F0DE71966A4A30089DEC1 /* Debug */ = {
			isa = XCBuildConfiguration;
			buildSettings = {
				BUNDLE_LOADER = "$(BUILT_PRODUCTS_DIR)/BreakFree.app/BreakFree";
				FRAMEWORK_SEARCH_PATHS = (
					"$(SDKROOT)/Developer/Library/Frameworks",
					"$(inherited)",
					"$(DEVELOPER_FRAMEWORKS_DIR)",
				);
				GCC_PRECOMPILE_PREFIX_HEADER = YES;
				GCC_PREFIX_HEADER = "BreakFree/BreakFree-Prefix.pch";
				GCC_PREPROCESSOR_DEFINITIONS = (
					"DEBUG=1",
					"$(inherited)",
				);
				INFOPLIST_FILE = "BreakFreeTests/BreakFreeTests-Info.plist";
				PRODUCT_NAME = "$(TARGET_NAME)";
				TEST_HOST = "$(BUNDLE_LOADER)";
				WRAPPER_EXTENSION = xctest;
			};
			name = Debug;
		};
		9B3F0DE81966A4A30089DEC1 /* Release */ = {
			isa = XCBuildConfiguration;
			buildSettings = {
				BUNDLE_LOADER = "$(BUILT_PRODUCTS_DIR)/BreakFree.app/BreakFree";
				FRAMEWORK_SEARCH_PATHS = (
					"$(SDKROOT)/Developer/Library/Frameworks",
					"$(inherited)",
					"$(DEVELOPER_FRAMEWORKS_DIR)",
				);
				GCC_PRECOMPILE_PREFIX_HEADER = YES;
				GCC_PREFIX_HEADER = "BreakFree/BreakFree-Prefix.pch";
				INFOPLIST_FILE = "BreakFreeTests/BreakFreeTests-Info.plist";
				PRODUCT_NAME = "$(TARGET_NAME)";
				TEST_HOST = "$(BUNDLE_LOADER)";
				WRAPPER_EXTENSION = xctest;
			};
			name = Release;
		};
/* End XCBuildConfiguration section */

/* Begin XCConfigurationList section */
		9B3F0DB21966A4A30089DEC1 /* Build configuration list for PBXProject "BreakFree" */ = {
			isa = XCConfigurationList;
			buildConfigurations = (
				9B3F0DE11966A4A30089DEC1 /* Debug */,
				9B3F0DE21966A4A30089DEC1 /* Release */,
			);
			defaultConfigurationIsVisible = 0;
			defaultConfigurationName = Release;
		};
		9B3F0DE31966A4A30089DEC1 /* Build configuration list for PBXNativeTarget "BreakFree" */ = {
			isa = XCConfigurationList;
			buildConfigurations = (
				9B3F0DE41966A4A30089DEC1 /* Debug */,
				9B3F0DE51966A4A30089DEC1 /* Release */,
			);
			defaultConfigurationIsVisible = 0;
			defaultConfigurationName = Release;
		};
		9B3F0DE61966A4A30089DEC1 /* Build configuration list for PBXNativeTarget "BreakFreeTests" */ = {
			isa = XCConfigurationList;
			buildConfigurations = (
				9B3F0DE71966A4A30089DEC1 /* Debug */,
				9B3F0DE81966A4A30089DEC1 /* Release */,
			);
			defaultConfigurationIsVisible = 0;
			defaultConfigurationName = Release;
		};
/* End XCConfigurationList section */
	};
	rootObject = 9B3F0DAF1966A4A30089DEC1 /* Project object */;
}
